<?xml version="1.0" encoding="utf-8"?>
<Project ToolsVersion="4.0" xmlns="http://schemas.microsoft.com/developer/msbuild/2003">
  <ItemGroup>
    <Filter Include="TrainingFramework\src">
      <UniqueIdentifier>{8a7743df-99d6-42d7-8300-83c77d25c345}</UniqueIdentifier>
    </Filter>
    <Filter Include="TrainingFramework">
      <UniqueIdentifier>{b7c91549-da04-4eee-96da-520fa8f75a57}</UniqueIdentifier>
    </Filter>
    <Filter Include="TrainingFramework\src\GameObject">
      <UniqueIdentifier>{486a991c-381d-4836-b7f7-6a9b4c66f5d8}</UniqueIdentifier>
    </Filter>
    <Filter Include="TrainingFramework\src\GameManager">
      <UniqueIdentifier>{7027cc7e-3941-43d3-9fd3-7009a76c222b}</UniqueIdentifier>
    </Filter>
    <Filter Include="TrainingFramework\src\GameStates">
      <UniqueIdentifier>{2a875364-1a2b-4ea6-a6fe-716988208916}</UniqueIdentifier>
    </Filter>
    <Filter Include="TrainingFramework\src\GameObject\MapTiles">
      <UniqueIdentifier>{88c8f8f6-6e48-4c4e-a4a0-e19e7c03af0a}</UniqueIdentifier>
    </Filter>
    <Filter Include="TrainingFramework\src\GameObject\Characters">
      <UniqueIdentifier>{97a08379-5b2b-4e55-9dec-8f3900b714ef}</UniqueIdentifier>
    </Filter>
    <Filter Include="TrainingFramework\src\GameObject\Items">
      <UniqueIdentifier>{187424aa-a93e-41e2-b9db-542793f69377}</UniqueIdentifier>
    </Filter>
    <Filter Include="TrainingFramework\src\GameObject\Level">
      <UniqueIdentifier>{39520771-44dc-462e-a8e7-eca0b8f614ae}</UniqueIdentifier>
    </Filter>
  </ItemGroup>
  <ItemGroup>
    <ClCompile Include="src\Application.cpp">
      <Filter>TrainingFramework\src</Filter>
    </ClCompile>
    <ClCompile Include="src\TrainingFramework.cpp">
      <Filter>TrainingFramework\src</Filter>
    </ClCompile>
    <ClCompile Include="src\GameObject\Sprite2D.cpp">
      <Filter>TrainingFramework\src\GameObject</Filter>
    </ClCompile>
    <ClCompile Include="src\GameObject\Camera.cpp">
      <Filter>TrainingFramework\src\GameObject</Filter>
    </ClCompile>
    <ClCompile Include="src\GameObject\Sprite3D.cpp">
      <Filter>TrainingFramework\src\GameObject</Filter>
    </ClCompile>
    <ClCompile Include="src\GameObject\Model.cpp">
      <Filter>TrainingFramework\src\GameObject</Filter>
    </ClCompile>
    <ClCompile Include="src\GameObject\Shader.cpp">
      <Filter>TrainingFramework\src\GameObject</Filter>
    </ClCompile>
    <ClCompile Include="src\GameObject\Texture.cpp">
      <Filter>TrainingFramework\src\GameObject</Filter>
    </ClCompile>
    <ClCompile Include="src\GameObject\Text.cpp">
      <Filter>TrainingFramework\src\GameObject</Filter>
    </ClCompile>
    <ClCompile Include="src\GameObject\Font.cpp">
      <Filter>TrainingFramework\src\GameObject</Filter>
    </ClCompile>
    <ClCompile Include="src\GameStates\GameStateBase.cpp">
      <Filter>TrainingFramework\src\GameStates</Filter>
    </ClCompile>
    <ClCompile Include="src\GameStates\GameStateMachine.cpp">
      <Filter>TrainingFramework\src\GameStates</Filter>
    </ClCompile>
    <ClCompile Include="src\GameStates\GSIntro.cpp">
      <Filter>TrainingFramework\src\GameStates</Filter>
    </ClCompile>
    <ClCompile Include="src\GameStates\GSMenu.cpp">
      <Filter>TrainingFramework\src\GameStates</Filter>
    </ClCompile>
    <ClCompile Include="src\GameStates\GSPlay.cpp">
      <Filter>TrainingFramework\src\GameStates</Filter>
    </ClCompile>
    <ClCompile Include="src\GameManager\ResourceManagers.cpp">
      <Filter>TrainingFramework\src\GameManager</Filter>
    </ClCompile>
    <ClCompile Include="src\GameObject\GameButton.cpp">
      <Filter>TrainingFramework\src\GameObject</Filter>
    </ClCompile>
    <ClCompile Include="src\GameObject\SpriteAnimation.cpp">
      <Filter>TrainingFramework\src\GameObject</Filter>
    </ClCompile>
    <ClCompile Include="src\GameObject\Character.cpp">
      <Filter>TrainingFramework\src\GameObject</Filter>
    </ClCompile>
    <ClCompile Include="src\GameObject\Item.cpp">
      <Filter>TrainingFramework\src\GameObject</Filter>
    </ClCompile>
    <ClCompile Include="src\GameObject\MapSquare.cpp">
      <Filter>TrainingFramework\src\GameObject</Filter>
    </ClCompile>
    <ClCompile Include="src\GameStates\GSMap.cpp">
      <Filter>TrainingFramework\src\GameStates</Filter>
    </ClCompile>
    <ClCompile Include="src\GameObject\MapPointer.cpp">
      <Filter>TrainingFramework\src\GameObject</Filter>
    </ClCompile>
    <ClCompile Include="src\GameObject\MapTile\SnowField.cpp">
      <Filter>TrainingFramework\src\GameObject\MapTiles</Filter>
    </ClCompile>
    <ClCompile Include="src\GameObject\Level\LevelZero.cpp">
      <Filter>TrainingFramework\src\GameObject\Level</Filter>
    </ClCompile>
    <ClCompile Include="src\GameObject\MapTile\River.cpp">
      <Filter>TrainingFramework\src\GameObject\MapTiles</Filter>
    </ClCompile>
    <ClCompile Include="src\GameObject\MapTile\Bridge.cpp">
      <Filter>TrainingFramework\src\GameObject\MapTiles</Filter>
    </ClCompile>
    <ClCompile Include="src\GameObject\Level\LevelBase.cpp">
      <Filter>TrainingFramework\src\GameObject\Level</Filter>
    </ClCompile>
    <ClCompile Include="src\GameObject\MapTile\Camp.cpp">
      <Filter>TrainingFramework\src\GameObject\MapTiles</Filter>
    </ClCompile>
    <ClCompile Include="Castle.cpp">
      <Filter>TrainingFramework\src\GameObject\MapTiles</Filter>
    </ClCompile>
    <ClCompile Include="src\GameObject\MapTile\Chess.cpp">
      <Filter>TrainingFramework\src\GameObject\MapTiles</Filter>
    </ClCompile>
    <ClCompile Include="src\GameObject\MapTile\Ground.cpp">
      <Filter>TrainingFramework\src\GameObject\MapTiles</Filter>
    </ClCompile>
    <ClCompile Include="src\GameObject\MapTile\NormalTree.cpp">
      <Filter>TrainingFramework\src\GameObject\MapTiles</Filter>
    </ClCompile>
    <ClCompile Include="SnowTree.cpp">
      <Filter>TrainingFramework\src\GameObject\MapTiles</Filter>
    </ClCompile>
    <ClCompile Include="Edge.cpp">
      <Filter>TrainingFramework\src\GameObject\MapTiles</Filter>
    </ClCompile>
    <ClCompile Include="src\GameManager\AssetManager.cpp">
      <Filter>TrainingFramework\src\GameManager</Filter>
    </ClCompile>
    <ClCompile Include="src\GameObject\Character\Ally.cpp">
      <Filter>TrainingFramework\src\GameObject\Characters</Filter>
    </ClCompile>
    <ClCompile Include="Enemy.cpp">
      <Filter>TrainingFramework\src\GameObject\Characters</Filter>
    </ClCompile>
    <ClCompile Include="src\GameObject\Character\Priest.cpp">
      <Filter>TrainingFramework\src\GameObject\Characters</Filter>
    </ClCompile>
    <ClCompile Include="SwordMan.cpp">
      <Filter>TrainingFramework\src\GameObject\Characters</Filter>
    </ClCompile>
    <ClCompile Include="src\GameObject\Character\Warrior.cpp">
      <Filter>TrainingFramework\src\GameObject\Characters</Filter>
    </ClCompile>
    <ClCompile Include="src\GameObject\Character\EnemyBandit.cpp">
      <Filter>TrainingFramework\src\GameObject\Characters</Filter>
    </ClCompile>
    <ClCompile Include="src\GameObject\Character\EnemyBanditHeader.cpp">
      <Filter>TrainingFramework\src\GameObject\Characters</Filter>
    </ClCompile>
    <ClCompile Include="src\GameObject\Character\Ike.cpp">
      <Filter>TrainingFramework\src\GameObject\Characters</Filter>
    </ClCompile>
    <ClCompile Include="src\GameObject\Character\Dorcas.cpp">
      <Filter>TrainingFramework\src\GameObject\Characters</Filter>
    </ClCompile>
    <ClCompile Include="src\GameObject\Character\Serra.cpp">
      <Filter>TrainingFramework\src\GameObject\Characters</Filter>
    </ClCompile>
    <ClCompile Include="src\GameStates\GSBattle.cpp">
      <Filter>TrainingFramework\src\GameStates</Filter>
    </ClCompile>
    <ClCompile Include="src\GameObject\CharacterBase.cpp">
      <Filter>TrainingFramework\src\GameObject</Filter>
    </ClCompile>
    <ClCompile Include="src\GameObject\Items\ItemBase.cpp">
      <Filter>TrainingFramework\src\GameObject\Items</Filter>
    </ClCompile>
    <ClCompile Include="src\GameObject\Items\Consumable.cpp">
      <Filter>TrainingFramework\src\GameObject\Items</Filter>
    </ClCompile>
    <ClCompile Include="src\GameObject\Items\Food.cpp">
      <Filter>TrainingFramework\src\GameObject\Items</Filter>
    </ClCompile>
    <ClCompile Include="src\GameObject\Items\Sword.cpp">
      <Filter>TrainingFramework\src\GameObject\Items</Filter>
    </ClCompile>
    <ClCompile Include="src\GameObject\Items\Staffs.cpp">
      <Filter>TrainingFramework\src\GameObject\Items</Filter>
    </ClCompile>
    <ClCompile Include="src\GameObject\Items\Axe.cpp">
      <Filter>TrainingFramework\src\GameObject\Items</Filter>
    </ClCompile>
    <ClCompile Include="src\GameObject\Items\IronSword.cpp">
      <Filter>TrainingFramework\src\GameObject\Items</Filter>
    </ClCompile>
    <ClCompile Include="src\GameObject\Items\IronAxe.cpp">
      <Filter>TrainingFramework\src\GameObject\Items</Filter>
    </ClCompile>
    <ClCompile Include="src\GameObject\Items\HealingStaff.cpp">
      <Filter>TrainingFramework\src\GameObject\Items</Filter>
    </ClCompile>
    <ClCompile Include="src\GameStates\GSInfo.cpp">
      <Filter>TrainingFramework\src\GameStates</Filter>
    </ClCompile>
    <ClCompile Include="src\GameObject\Level\LevelBaseBase.cpp">
      <Filter>TrainingFramework\src\GameObject\Level</Filter>
    </ClCompile>
    <ClCompile Include="src\GameStates\GSSetting.cpp">
      <Filter>TrainingFramework\src\GameStates</Filter>
    </ClCompile>
    <ClCompile Include="src\GameStates\GSWin.cpp" />
  </ItemGroup>
  <ItemGroup>
    <ClInclude Include="src\Application.h">
      <Filter>TrainingFramework\src</Filter>
    </ClInclude>
    <ClInclude Include="src\GameConfig.h">
      <Filter>TrainingFramework\src</Filter>
    </ClInclude>
    <ClInclude Include="src\GameManager\Singleton.h">
      <Filter>TrainingFramework\src\GameManager</Filter>
    </ClInclude>
    <ClInclude Include="src\GameObject\BaseObject.h">
      <Filter>TrainingFramework\src\GameObject</Filter>
    </ClInclude>
    <ClInclude Include="src\GameObject\Sprite2D.h">
      <Filter>TrainingFramework\src\GameObject</Filter>
    </ClInclude>
    <ClInclude Include="src\GameObject\Camera.h">
      <Filter>TrainingFramework\src\GameObject</Filter>
    </ClInclude>
    <ClInclude Include="src\GameObject\Sprite3D.h">
      <Filter>TrainingFramework\src\GameObject</Filter>
    </ClInclude>
    <ClInclude Include="src\GameObject\Model.h">
      <Filter>TrainingFramework\src\GameObject</Filter>
    </ClInclude>
    <ClInclude Include="src\GameObject\Shader.h">
      <Filter>TrainingFramework\src\GameObject</Filter>
    </ClInclude>
    <ClInclude Include="src\GameObject\Texture.h">
      <Filter>TrainingFramework\src\GameObject</Filter>
    </ClInclude>
    <ClInclude Include="src\GameObject\Text.h">
      <Filter>TrainingFramework\src\GameObject</Filter>
    </ClInclude>
    <ClInclude Include="src\GameObject\Font.h">
      <Filter>TrainingFramework\src\GameObject</Filter>
    </ClInclude>
    <ClInclude Include="src\GameStates\GameStateBase.h">
      <Filter>TrainingFramework\src\GameStates</Filter>
    </ClInclude>
    <ClInclude Include="src\GameStates\GameStateMachine.h">
      <Filter>TrainingFramework\src\GameStates</Filter>
    </ClInclude>
    <ClInclude Include="src\GameStates\GSIntro.h">
      <Filter>TrainingFramework\src\GameStates</Filter>
    </ClInclude>
    <ClInclude Include="src\GameStates\GSMenu.h">
      <Filter>TrainingFramework\src\GameStates</Filter>
    </ClInclude>
    <ClInclude Include="src\GameStates\GSPlay.h">
      <Filter>TrainingFramework\src\GameStates</Filter>
    </ClInclude>
    <ClInclude Include="src\GameManager\ResourceManagers.h">
      <Filter>TrainingFramework\src\GameManager</Filter>
    </ClInclude>
    <ClInclude Include="src\GameObject\GameButton.h">
      <Filter>TrainingFramework\src\GameObject</Filter>
    </ClInclude>
    <ClInclude Include="src\GameObject\SpriteAnimation.h">
      <Filter>TrainingFramework\src\GameObject</Filter>
    </ClInclude>
    <ClInclude Include="src\GameObject\Item.h">
      <Filter>TrainingFramework\src\GameObject</Filter>
    </ClInclude>
    <ClInclude Include="src\GameObject\MapSquare.h">
      <Filter>TrainingFramework\src\GameObject</Filter>
    </ClInclude>
    <ClInclude Include="src\GameObject\Character.h">
      <Filter>TrainingFramework\src\GameObject</Filter>
    </ClInclude>
    <ClInclude Include="src\GameStates\GSMap.h">
      <Filter>TrainingFramework\src\GameStates</Filter>
    </ClInclude>
    <ClInclude Include="src\GameObject\MapPointer.h">
      <Filter>TrainingFramework\src\GameObject</Filter>
    </ClInclude>
    <ClInclude Include="src\GameObject\MapTile\SnowField.h">
      <Filter>TrainingFramework\src\GameObject\MapTiles</Filter>
    </ClInclude>
    <ClInclude Include="src\GameObject\Level\LevelBase.h">
      <Filter>TrainingFramework\src\GameObject\Level</Filter>
    </ClInclude>
    <ClInclude Include="src\GameObject\Level\LevelZero.h">
      <Filter>TrainingFramework\src\GameObject\Level</Filter>
    </ClInclude>
    <ClInclude Include="src\GameObject\MapTile\River.h">
      <Filter>TrainingFramework\src\GameObject\MapTiles</Filter>
    </ClInclude>
    <ClInclude Include="src\GameObject\MapTile\MapTileHeader.h">
      <Filter>TrainingFramework\src\GameObject\MapTiles</Filter>
    </ClInclude>
    <ClInclude Include="src\GameObject\MapTile\Bridge.h">
      <Filter>TrainingFramework\src\GameObject\MapTiles</Filter>
    </ClInclude>
    <ClInclude Include="src\GameObject\MapTile\Camp.h">
      <Filter>TrainingFramework\src\GameObject\MapTiles</Filter>
    </ClInclude>
    <ClInclude Include="src\GameObject\MapTile\Castle.h">
      <Filter>TrainingFramework\src\GameObject\MapTiles</Filter>
    </ClInclude>
    <ClInclude Include="src\GameObject\MapTile\Chess.h">
      <Filter>TrainingFramework\src\GameObject\MapTiles</Filter>
    </ClInclude>
    <ClInclude Include="src\GameObject\MapTile\Ground.h">
      <Filter>TrainingFramework\src\GameObject\MapTiles</Filter>
    </ClInclude>
    <ClInclude Include="src\GameObject\MapTile\NormalTree.h">
      <Filter>TrainingFramework\src\GameObject\MapTiles</Filter>
    </ClInclude>
    <ClInclude Include="src\GameObject\MapTile\SnowTree.h">
      <Filter>TrainingFramework\src\GameObject\MapTiles</Filter>
    </ClInclude>
    <ClInclude Include="src\GameObject\MapTile\Edge.h">
      <Filter>TrainingFramework\src\GameObject\MapTiles</Filter>
    </ClInclude>
    <ClInclude Include="src\GameManager\AssetManager.h">
      <Filter>TrainingFramework\src\GameManager</Filter>
    </ClInclude>
    <ClInclude Include="src\GameObject\Level\LevelHeader.h">
      <Filter>TrainingFramework\src\GameObject\Level</Filter>
    </ClInclude>
    <ClInclude Include="src\GameObject\Character\CharacterHeader.h">
      <Filter>TrainingFramework\src\GameObject\Characters</Filter>
    </ClInclude>
    <ClInclude Include="src\GameObject\Character\Ally.h">
      <Filter>TrainingFramework\src\GameObject\Characters</Filter>
    </ClInclude>
    <ClInclude Include="src\GameObject\Character\Enemy.h">
      <Filter>TrainingFramework\src\GameObject\Characters</Filter>
    </ClInclude>
    <ClInclude Include="src\GameObject\Character\Priest.h">
      <Filter>TrainingFramework\src\GameObject\Characters</Filter>
    </ClInclude>
    <ClInclude Include="src\GameObject\Character\SwordMan.h">
      <Filter>TrainingFramework\src\GameObject\Characters</Filter>
    </ClInclude>
    <ClInclude Include="src\GameObject\Character\Warrior.h">
      <Filter>TrainingFramework\src\GameObject\Characters</Filter>
    </ClInclude>
    <ClInclude Include="src\GameObject\Character\EnemyBandit.h">
      <Filter>TrainingFramework\src\GameObject\Characters</Filter>
    </ClInclude>
    <ClInclude Include="src\GameObject\Character\EnemyBanditHeader.h">
      <Filter>TrainingFramework\src\GameObject\Characters</Filter>
    </ClInclude>
    <ClInclude Include="src\GameObject\Character\Ike.h">
      <Filter>TrainingFramework\src\GameObject\Characters</Filter>
    </ClInclude>
    <ClInclude Include="src\GameObject\Character\Dorcas.h">
      <Filter>TrainingFramework\src\GameObject\Characters</Filter>
    </ClInclude>
    <ClInclude Include="src\GameObject\Character\Serra.h">
      <Filter>TrainingFramework\src\GameObject\Characters</Filter>
    </ClInclude>
    <ClInclude Include="src\GameStates\GSBattle.h">
      <Filter>TrainingFramework\src\GameStates</Filter>
    </ClInclude>
    <ClInclude Include="src\GameObject\CharacterBase.h">
      <Filter>TrainingFramework\src\GameObject</Filter>
    </ClInclude>
    <ClInclude Include="src\GameObject\Items\ItemBase.h">
      <Filter>TrainingFramework\src\GameObject\Items</Filter>
    </ClInclude>
    <ClInclude Include="src\GameObject\Items\ItemHeader.h">
      <Filter>TrainingFramework\src\GameObject\Items</Filter>
    </ClInclude>
    <ClInclude Include="src\GameObject\Items\Consumable.h">
      <Filter>TrainingFramework\src\GameObject\Items</Filter>
    </ClInclude>
    <ClInclude Include="src\GameObject\Items\Food.h">
      <Filter>TrainingFramework\src\GameObject\Items</Filter>
    </ClInclude>
    <ClInclude Include="src\GameObject\Items\Sword.h">
      <Filter>TrainingFramework\src\GameObject\Items</Filter>
    </ClInclude>
    <ClInclude Include="src\GameObject\Items\Staffs.h">
      <Filter>TrainingFramework\src\GameObject\Items</Filter>
    </ClInclude>
    <ClInclude Include="src\GameObject\Items\Axe.h">
      <Filter>TrainingFramework\src\GameObject\Items</Filter>
    </ClInclude>
    <ClInclude Include="src\GameObject\Items\IronSword.h">
      <Filter>TrainingFramework\src\GameObject\Items</Filter>
    </ClInclude>
    <ClInclude Include="src\GameObject\Items\IronAxe.h">
      <Filter>TrainingFramework\src\GameObject\Items</Filter>
    </ClInclude>
    <ClInclude Include="src\GameObject\Items\HealingStaff.h">
      <Filter>TrainingFramework\src\GameObject\Items</Filter>
    </ClInclude>
    <ClInclude Include="src\GameStates\GSInfo.h">
      <Filter>TrainingFramework\src\GameStates</Filter>
    </ClInclude>
    <ClInclude Include="src\GameObject\Level\LevelBaseBase.h">
      <Filter>TrainingFramework\src\GameObject\Level</Filter>
    </ClInclude>
    <ClInclude Include="src\GameStates\GSSetting.h">
      <Filter>TrainingFramework\src\GameStates</Filter>
    </ClInclude>
    <ClInclude Include="src\GameStates\GSWin.h" />
  </ItemGroup>
  <ItemGroup>
    <None Include="ClassDiagram.cd" />
  </ItemGroup>
</Project>